
Microsoft Visual Studio Solution File, Format Version 12.00
# Visual Studio 15
VisualStudioVersion = 15.0.28010.2036
MinimumVisualStudioVersion = 10.0.40219.1
Project("{FAE04EC0-301F-11D3-BF4B-00C04F79EFBC}") = "MyCompression3", "MyCompression3\MyCompression3.csproj", "{67A90703-1BDD-43F6-A425-6AAA015A0838}"
EndProject
Global
	GlobalSection(SolutionConfigurationPlatforms) = preSolution
		Debug|Any CPU = Debug|Any CPU
		Release|Any CPU = Release|Any CPU
	EndGlobalSection
	GlobalSection(ProjectConfigurationPlatforms) = postSolution
		{67A90703-1BDD-43F6-A425-6AAA015A0838}.Debug|Any CPU.ActiveCfg = Debug|Any CPU
		{67A90703-1BDD-43F6-A425-6AAA015A0838}.Debug|Any CPU.Build.0 = Debug|Any CPU
		{67A90703-1BDD-43F6-A425-6AAA015A0838}.Release|Any CPU.ActiveCfg = Release|Any CPU
		{67A90703-1BDD-43F6-A425-6AAA015A0838}.Release|Any CPU.Build.0 = Release|Any CPU
	EndGlobalSection
	GlobalSection(SolutionProperties) = preSolution
		HideSolutionNode = FALSE
	EndGlobalSection
	GlobalSection(ExtensibilityGlobals) = postSolution
		SolutionGuid = {3453FC3B-A0C3-4B14-87FD-9917B73E5E0E}
	EndGlobalSection
EndGlobal
